
Microsoft Visual Studio Solution File, Format Version 12.00
# Visual Studio Version 17
VisualStudioVersion = 17.0.31903.59
MinimumVisualStudioVersion = 10.0.40219.1
Project("{FAE04EC0-301F-11D3-BF4B-00C04F79EFBC}") = "SGCN.Api", "SGCN.Api\SGCN.Api.csproj", "{6765E262-55A9-4714-8EC2-69CB738FD0A1}"
EndProject
Project("{FAE04EC0-301F-11D3-BF4B-00C04F79EFBC}") = "SGCN.Application", "SGCN.Application\SGCN.Application.csproj", "{1B540193-E823-4EAA-94B5-15976CDD95B5}"
EndProject
Project("{FAE04EC0-301F-11D3-BF4B-00C04F79EFBC}") = "SGCN.Domain", "SGCN.Domain\SGCN.Domain.csproj", "{4ED6F825-A4CE-40C3-8C70-AA9BAA715697}"
EndProject
Project("{FAE04EC0-301F-11D3-BF4B-00C04F79EFBC}") = "SGCN.Infrastructure", "SGCN.Infrastructure\SGCN.Infrastructure.csproj", "{522B41D9-2AD9-4396-9C4C-FB33DE9F472A}"
EndProject
Global
	GlobalSection(SolutionConfigurationPlatforms) = preSolution
		Debug|Any CPU = Debug|Any CPU
		Debug|x64 = Debug|x64
		Debug|x86 = Debug|x86
		Release|Any CPU = Release|Any CPU
		Release|x64 = Release|x64
		Release|x86 = Release|x86
	EndGlobalSection
	GlobalSection(ProjectConfigurationPlatforms) = postSolution
		{6765E262-55A9-4714-8EC2-69CB738FD0A1}.Debug|Any CPU.ActiveCfg = Debug|Any CPU
		{6765E262-55A9-4714-8EC2-69CB738FD0A1}.Debug|Any CPU.Build.0 = Debug|Any CPU
		{6765E262-55A9-4714-8EC2-69CB738FD0A1}.Debug|x64.ActiveCfg = Debug|Any CPU
		{6765E262-55A9-4714-8EC2-69CB738FD0A1}.Debug|x64.Build.0 = Debug|Any CPU
		{6765E262-55A9-4714-8EC2-69CB738FD0A1}.Debug|x86.ActiveCfg = Debug|Any CPU
		{6765E262-55A9-4714-8EC2-69CB738FD0A1}.Debug|x86.Build.0 = Debug|Any CPU
		{6765E262-55A9-4714-8EC2-69CB738FD0A1}.Release|Any CPU.ActiveCfg = Release|Any CPU
		{6765E262-55A9-4714-8EC2-69CB738FD0A1}.Release|Any CPU.Build.0 = Release|Any CPU
		{6765E262-55A9-4714-8EC2-69CB738FD0A1}.Release|x64.ActiveCfg = Release|Any CPU
		{6765E262-55A9-4714-8EC2-69CB738FD0A1}.Release|x64.Build.0 = Release|Any CPU
		{6765E262-55A9-4714-8EC2-69CB738FD0A1}.Release|x86.ActiveCfg = Release|Any CPU
		{6765E262-55A9-4714-8EC2-69CB738FD0A1}.Release|x86.Build.0 = Release|Any CPU
		{1B540193-E823-4EAA-94B5-15976CDD95B5}.Debug|Any CPU.ActiveCfg = Debug|Any CPU
		{1B540193-E823-4EAA-94B5-15976CDD95B5}.Debug|Any CPU.Build.0 = Debug|Any CPU
		{1B540193-E823-4EAA-94B5-15976CDD95B5}.Debug|x64.ActiveCfg = Debug|Any CPU
		{1B540193-E823-4EAA-94B5-15976CDD95B5}.Debug|x64.Build.0 = Debug|Any CPU
		{1B540193-E823-4EAA-94B5-15976CDD95B5}.Debug|x86.ActiveCfg = Debug|Any CPU
		{1B540193-E823-4EAA-94B5-15976CDD95B5}.Debug|x86.Build.0 = Debug|Any CPU
		{1B540193-E823-4EAA-94B5-15976CDD95B5}.Release|Any CPU.ActiveCfg = Release|Any CPU
		{1B540193-E823-4EAA-94B5-15976CDD95B5}.Release|Any CPU.Build.0 = Release|Any CPU
		{1B540193-E823-4EAA-94B5-15976CDD95B5}.Release|x64.ActiveCfg = Release|Any CPU
		{1B540193-E823-4EAA-94B5-15976CDD95B5}.Release|x64.Build.0 = Release|Any CPU
		{1B540193-E823-4EAA-94B5-15976CDD95B5}.Release|x86.ActiveCfg = Release|Any CPU
		{1B540193-E823-4EAA-94B5-15976CDD95B5}.Release|x86.Build.0 = Release|Any CPU
		{4ED6F825-A4CE-40C3-8C70-AA9BAA715697}.Debug|Any CPU.ActiveCfg = Debug|Any CPU
		{4ED6F825-A4CE-40C3-8C70-AA9BAA715697}.Debug|Any CPU.Build.0 = Debug|Any CPU
		{4ED6F825-A4CE-40C3-8C70-AA9BAA715697}.Debug|x64.ActiveCfg = Debug|Any CPU
		{4ED6F825-A4CE-40C3-8C70-AA9BAA715697}.Debug|x64.Build.0 = Debug|Any CPU
		{4ED6F825-A4CE-40C3-8C70-AA9BAA715697}.Debug|x86.ActiveCfg = Debug|Any CPU
		{4ED6F825-A4CE-40C3-8C70-AA9BAA715697}.Debug|x86.Build.0 = Debug|Any CPU
		{4ED6F825-A4CE-40C3-8C70-AA9BAA715697}.Release|Any CPU.ActiveCfg = Release|Any CPU
		{4ED6F825-A4CE-40C3-8C70-AA9BAA715697}.Release|Any CPU.Build.0 = Release|Any CPU
		{4ED6F825-A4CE-40C3-8C70-AA9BAA715697}.Release|x64.ActiveCfg = Release|Any CPU
		{4ED6F825-A4CE-40C3-8C70-AA9BAA715697}.Release|x64.Build.0 = Release|Any CPU
		{4ED6F825-A4CE-40C3-8C70-AA9BAA715697}.Release|x86.ActiveCfg = Release|Any CPU
		{4ED6F825-A4CE-40C3-8C70-AA9BAA715697}.Release|x86.Build.0 = Release|Any CPU
		{522B41D9-2AD9-4396-9C4C-FB33DE9F472A}.Debug|Any CPU.ActiveCfg = Debug|Any CPU
		{522B41D9-2AD9-4396-9C4C-FB33DE9F472A}.Debug|Any CPU.Build.0 = Debug|Any CPU
		{522B41D9-2AD9-4396-9C4C-FB33DE9F472A}.Debug|x64.ActiveCfg = Debug|Any CPU
		{522B41D9-2AD9-4396-9C4C-FB33DE9F472A}.Debug|x64.Build.0 = Debug|Any CPU
		{522B41D9-2AD9-4396-9C4C-FB33DE9F472A}.Debug|x86.ActiveCfg = Debug|Any CPU
		{522B41D9-2AD9-4396-9C4C-FB33DE9F472A}.Debug|x86.Build.0 = Debug|Any CPU
		{522B41D9-2AD9-4396-9C4C-FB33DE9F472A}.Release|Any CPU.ActiveCfg = Release|Any CPU
		{522B41D9-2AD9-4396-9C4C-FB33DE9F472A}.Release|Any CPU.Build.0 = Release|Any CPU
		{522B41D9-2AD9-4396-9C4C-FB33DE9F472A}.Release|x64.ActiveCfg = Release|Any CPU
		{522B41D9-2AD9-4396-9C4C-FB33DE9F472A}.Release|x64.Build.0 = Release|Any CPU
		{522B41D9-2AD9-4396-9C4C-FB33DE9F472A}.Release|x86.ActiveCfg = Release|Any CPU
		{522B41D9-2AD9-4396-9C4C-FB33DE9F472A}.Release|x86.Build.0 = Release|Any CPU
	EndGlobalSection
	GlobalSection(SolutionProperties) = preSolution
		HideSolutionNode = FALSE
	EndGlobalSection
EndGlobal
